// !$*UTF8*$!
{
	archiveVersion = 1;
	classes = {
	};
	objectVersion = 55;
	objects = {

/* Begin PBXBuildFile section */
		8CCB006927E9B2E300114E9B /* AppDelegate.swift in Sources */ = {isa = PBXBuildFile; fileRef = 8CCB006827E9B2E300114E9B /* AppDelegate.swift */; };
		8CCB006B27E9B2E300114E9B /* SceneDelegate.swift in Sources */ = {isa = PBXBuildFile; fileRef = 8CCB006A27E9B2E300114E9B /* SceneDelegate.swift */; };
		8CCB006D27E9B2E300114E9B /* ViewController.swift in Sources */ = {isa = PBXBuildFile; fileRef = 8CCB006C27E9B2E300114E9B /* ViewController.swift */; };
		8CCB007027E9B2E300114E9B /* Main.storyboard in Resources */ = {isa = PBXBuildFile; fileRef = 8CCB006E27E9B2E300114E9B /* Main.storyboard */; };
		8CCB007227E9B2E500114E9B /* Assets.xcassets in Resources */ = {isa = PBXBuildFile; fileRef = 8CCB007127E9B2E500114E9B /* Assets.xcassets */; };
		8CCB007527E9B2E500114E9B /* LaunchScreen.storyboard in Resources */ = {isa = PBXBuildFile; fileRef = 8CCB007327E9B2E500114E9B /* LaunchScreen.storyboard */; };
		8CCB008027E9B2E500114E9B /* FintechBombTests.swift in Sources */ = {isa = PBXBuildFile; fileRef = 8CCB007F27E9B2E500114E9B /* FintechBombTests.swift */; };
		8CCB008A27E9B2E500114E9B /* FintechBombUITests.swift in Sources */ = {isa = PBXBuildFile; fileRef = 8CCB008927E9B2E500114E9B /* FintechBombUITests.swift */; };
		8CCB008C27E9B2E500114E9B /* FintechBombUITestsLaunchTests.swift in Sources */ = {isa = PBXBuildFile; fileRef = 8CCB008B27E9B2E500114E9B /* FintechBombUITestsLaunchTests.swift */; };
/* End PBXBuildFile section */

/* Begin PBXContainerItemProxy section */
		8CCB007C27E9B2E500114E9B /* PBXContainerItemProxy */ = {
			isa = PBXContainerItemProxy;
			containerPortal = 8CCB005D27E9B2E300114E9B /* Project object */;
			proxyType = 1;
			remoteGlobalIDString = 8CCB006427E9B2E300114E9B;
			remoteInfo = FintechBomb;
		};
		8CCB008627E9B2E500114E9B /* PBXContainerItemProxy */ = {
			isa = PBXContainerItemProxy;
			containerPortal = 8CCB005D27E9B2E300114E9B /* Project object */;
			proxyType = 1;
			remoteGlobalIDString = 8CCB006427E9B2E300114E9B;
			remoteInfo = FintechBomb;
		};
/* End PBXContainerItemProxy section */

/* Begin PBXFileReference section */
		8CCB006527E9B2E300114E9B /* FintechBomb.app */ = {isa = PBXFileReference; explicitFileType = wrapper.application; includeInIndex = 0; path = FintechBomb.app; sourceTree = BUILT_PRODUCTS_DIR; };
		8CCB006827E9B2E300114E9B /* AppDelegate.swift */ = {isa = PBXFileReference; lastKnownFileType = sourcecode.swift; path = AppDelegate.swift; sourceTree = "<group>"; };
		8CCB006A27E9B2E300114E9B /* SceneDelegate.swift */ = {isa = PBXFileReference; lastKnownFileType = sourcecode.swift; path = SceneDelegate.swift; sourceTree = "<group>"; };
		8CCB006C27E9B2E300114E9B /* ViewController.swift */ = {isa = PBXFileReference; lastKnownFileType = sourcecode.swift; path = ViewController.swift; sourceTree = "<group>"; };
		8CCB006F27E9B2E300114E9B /* Base */ = {isa = PBXFileReference; lastKnownFileType = file.storyboard; name = Base; path = Base.lproj/Main.storyboard; sourceTree = "<group>"; };
		8CCB007127E9B2E500114E9B /* Assets.xcassets */ = {isa = PBXFileReference; lastKnownFileType = folder.assetcatalog; path = Assets.xcassets; sourceTree = "<group>"; };
		8CCB007427E9B2E500114E9B /* Base */ = {isa = PBXFileReference; lastKnownFileType = file.storyboard; name = Base; path = Base.lproj/LaunchScreen.storyboard; sourceTree = "<group>"; };
		8CCB007627E9B2E500114E9B /* Info.plist */ = {isa = PBXFileReference; lastKnownFileType = text.plist.xml; path = Info.plist; sourceTree = "<group>"; };
		8CCB007B27E9B2E500114E9B /* FintechBombTests.xctest */ = {isa = PBXFileReference; explicitFileType = wrapper.cfbundle; includeInIndex = 0; path = FintechBombTests.xctest; sourceTree = BUILT_PRODUCTS_DIR; };
		8CCB007F27E9B2E500114E9B /* FintechBombTests.swift */ = {isa = PBXFileReference; lastKnownFileType = sourcecode.swift; path = FintechBombTests.swift; sourceTree = "<group>"; };
		8CCB008527E9B2E500114E9B /* FintechBombUITests.xctest */ = {isa = PBXFileReference; explicitFileType = wrapper.cfbundle; includeInIndex = 0; path = FintechBombUITests.xctest; sourceTree = BUILT_PRODUCTS_DIR; };
		8CCB008927E9B2E500114E9B /* FintechBombUITests.swift */ = {isa = PBXFileReference; lastKnownFileType = sourcecode.swift; path = FintechBombUITests.swift; sourceTree = "<group>"; };
		8CCB008B27E9B2E500114E9B /* FintechBombUITestsLaunchTests.swift */ = {isa = PBXFileReference; lastKnownFileType = sourcecode.swift; path = FintechBombUITestsLaunchTests.swift; sourceTree = "<group>"; };
/* End PBXFileReference section */

/* Begin PBXFrameworksBuildPhase section */
		8CCB006227E9B2E300114E9B /* Frameworks */ = {
			isa = PBXFrameworksBuildPhase;
			buildActionMask = 2147483647;
			files = (
			);
			runOnlyForDeploymentPostprocessing = 0;
		};
		8CCB007827E9B2E500114E9B /* Frameworks */ = {
			isa = PBXFrameworksBuildPhase;
			buildActionMask = 2147483647;
			files = (
			);
			runOnlyForDeploymentPostprocessing = 0;
		};
		8CCB008227E9B2E500114E9B /* Frameworks */ = {
			isa = PBXFrameworksBuildPhase;
			buildActionMask = 2147483647;
			files = (
			);
			runOnlyForDeploymentPostprocessing = 0;
		};
/* End PBXFrameworksBuildPhase section */

/* Begin PBXGroup section */
		8CCB005C27E9B2E300114E9B = {
			isa = PBXGroup;
			children = (
				8CCB006727E9B2E300114E9B /* FintechBomb */,
				8CCB007E27E9B2E500114E9B /* FintechBombTests */,
				8CCB008827E9B2E500114E9B /* FintechBombUITests */,
				8CCB006627E9B2E300114E9B /* Products */,
			);
			sourceTree = "<group>";
		};
		8CCB006627E9B2E300114E9B /* Products */ = {
			isa = PBXGroup;
			children = (
				8CCB006527E9B2E300114E9B /* FintechBomb.app */,
				8CCB007B27E9B2E500114E9B /* FintechBombTests.xctest */,
				8CCB008527E9B2E500114E9B /* FintechBombUITests.xctest */,
			);
			name = Products;
			sourceTree = "<group>";
		};
		8CCB006727E9B2E300114E9B /* FintechBomb */ = {
			isa = PBXGroup;
			children = (
				8CCB006827E9B2E300114E9B /* AppDelegate.swift */,
				8CCB006A27E9B2E300114E9B /* SceneDelegate.swift */,
				8CCB006C27E9B2E300114E9B /* ViewController.swift */,
				8CCB006E27E9B2E300114E9B /* Main.storyboard */,
				8CCB007127E9B2E500114E9B /* Assets.xcassets */,
				8CCB007327E9B2E500114E9B /* LaunchScreen.storyboard */,
				8CCB007627E9B2E500114E9B /* Info.plist */,
			);
			path = FintechBomb;
			sourceTree = "<group>";
		};
		8CCB007E27E9B2E500114E9B /* FintechBombTests */ = {
			isa = PBXGroup;
			children = (
				8CCB007F27E9B2E500114E9B /* FintechBombTests.swift */,
			);
			path = FintechBombTests;
			sourceTree = "<group>";
		};
		8CCB008827E9B2E500114E9B /* FintechBombUITests */ = {
			isa = PBXGroup;
			children = (
				8CCB008927E9B2E500114E9B /* FintechBombUITests.swift */,
				8CCB008B27E9B2E500114E9B /* FintechBombUITestsLaunchTests.swift */,
			);
			path = FintechBombUITests;
			sourceTree = "<group>";
		};
/* End PBXGroup section */

/* Begin PBXNativeTarget section */
		8CCB006427E9B2E300114E9B /* FintechBomb */ = {
			isa = PBXNativeTarget;
			buildConfigurationList = 8CCB008F27E9B2E500114E9B /* Build configuration list for PBXNativeTarget "FintechBomb" */;
			buildPhases = (
				8CCB006127E9B2E300114E9B /* Sources */,
				8CCB006227E9B2E300114E9B /* Frameworks */,
				8CCB006327E9B2E300114E9B /* Resources */,
			);
			buildRules = (
			);
			dependencies = (
			);
			name = FintechBomb;
			productName = FintechBomb;
			productReference = 8CCB006527E9B2E300114E9B /* FintechBomb.app */;
			productType = "com.apple.product-type.application";
		};
		8CCB007A27E9B2E500114E9B /* FintechBombTests */ = {
			isa = PBXNativeTarget;
			buildConfigurationList = 8CCB009227E9B2E500114E9B /* Build configuration list for PBXNativeTarget "FintechBombTests" */;
			buildPhases = (
				8CCB007727E9B2E500114E9B /* Sources */,
				8CCB007827E9B2E500114E9B /* Frameworks */,
				8CCB007927E9B2E500114E9B /* Resources */,
			);
			buildRules = (
			);
			dependencies = (
				8CCB007D27E9B2E500114E9B /* PBXTargetDependency */,
			);
			name = FintechBombTests;
			productName = FintechBombTests;
			productReference = 8CCB007B27E9B2E500114E9B /* FintechBombTests.xctest */;
			productType = "com.apple.product-type.bundle.unit-test";
		};
		8CCB008427E9B2E500114E9B /* FintechBombUITests */ = {
			isa = PBXNativeTarget;
			buildConfigurationList = 8CCB009527E9B2E500114E9B /* Build configuration list for PBXNativeTarget "FintechBombUITests" */;
			buildPhases = (
				8CCB008127E9B2E500114E9B /* Sources */,
				8CCB008227E9B2E500114E9B /* Frameworks */,
				8CCB008327E9B2E500114E9B /* Resources */,
			);
			buildRules = (
			);
			dependencies = (
				8CCB008727E9B2E500114E9B /* PBXTargetDependency */,
			);
			name = FintechBombUITests;
			productName = FintechBombUITests;
			productReference = 8CCB008527E9B2E500114E9B /* FintechBombUITests.xctest */;
			productType = "com.apple.product-type.bundle.ui-testing";
		};
/* End PBXNativeTarget section */

/* Begin PBXProject section */
		8CCB005D27E9B2E300114E9B /* Project object */ = {
			isa = PBXProject;
			attributes = {
				BuildIndependentTargetsInParallel = 1;
				LastSwiftUpdateCheck = 1330;
				LastUpgradeCheck = 1330;
				TargetAttributes = {
					8CCB006427E9B2E300114E9B = {
						CreatedOnToolsVersion = 13.3;
					};
					8CCB007A27E9B2E500114E9B = {
						CreatedOnToolsVersion = 13.3;
						TestTargetID = 8CCB006427E9B2E300114E9B;
					};
					8CCB008427E9B2E500114E9B = {
						CreatedOnToolsVersion = 13.3;
						TestTargetID = 8CCB006427E9B2E300114E9B;
					};
				};
			};
			buildConfigurationList = 8CCB006027E9B2E300114E9B /* Build configuration list for PBXProject "FintechBomb" */;
			compatibilityVersion = "Xcode 13.0";
			developmentRegion = en;
			hasScannedForEncodings = 0;
			knownRegions = (
				en,
				Base,
			);
			mainGroup = 8CCB005C27E9B2E300114E9B;
			productRefGroup = 8CCB006627E9B2E300114E9B /* Products */;
			projectDirPath = "";
			projectRoot = "";
			targets = (
				8CCB006427E9B2E300114E9B /* FintechBomb */,
				8CCB007A27E9B2E500114E9B /* FintechBombTests */,
				8CCB008427E9B2E500114E9B /* FintechBombUITests */,
			);
		};
/* End PBXProject section */

/* Begin PBXResourcesBuildPhase section */
		8CCB006327E9B2E300114E9B /* Resources */ = {
			isa = PBXResourcesBuildPhase;
			buildActionMask = 2147483647;
			files = (
				8CCB007527E9B2E500114E9B /* LaunchScreen.storyboard in Resources */,
				8CCB007227E9B2E500114E9B /* Assets.xcassets in Resources */,
				8CCB007027E9B2E300114E9B /* Main.storyboard in Resources */,
			);
			runOnlyForDeploymentPostprocessing = 0;
		};
		8CCB007927E9B2E500114E9B /* Resources */ = {
			isa = PBXResourcesBuildPhase;
			buildActionMask = 2147483647;
			files = (
			);
			runOnlyForDeploymentPostprocessing = 0;
		};
		8CCB008327E9B2E500114E9B /* Resources */ = {
			isa = PBXResourcesBuildPhase;
			buildActionMask = 2147483647;
			files = (
			);
			runOnlyForDeploymentPostprocessing = 0;
		};
/* End PBXResourcesBuildPhase section */

/* Begin PBXSourcesBuildPhase section */
		8CCB006127E9B2E300114E9B /* Sources */ = {
			isa = PBXSourcesBuildPhase;
			buildActionMask = 2147483647;
			files = (
				8CCB006D27E9B2E300114E9B /* ViewController.swift in Sources */,
				8CCB006927E9B2E300114E9B /* AppDelegate.swift in Sources */,
				8CCB006B27E9B2E300114E9B /* SceneDelegate.swift in Sources */,
			);
			runOnlyForDeploymentPostprocessing = 0;
		};
		8CCB007727E9B2E500114E9B /* Sources */ = {
			isa = PBXSourcesBuildPhase;
			buildActionMask = 2147483647;
			files = (
				8CCB008027E9B2E500114E9B /* FintechBombTests.swift in Sources */,
			);
			runOnlyForDeploymentPostprocessing = 0;
		};
		8CCB008127E9B2E500114E9B /* Sources */ = {
			isa = PBXSourcesBuildPhase;
			buildActionMask = 2147483647;
			files = (
				8CCB008C27E9B2E500114E9B /* FintechBombUITestsLaunchTests.swift in Sources */,
				8CCB008A27E9B2E500114E9B /* FintechBombUITests.swift in Sources */,
			);
			runOnlyForDeploymentPostprocessing = 0;
		};
/* End PBXSourcesBuildPhase section */

/* Begin PBXTargetDependency section */
		8CCB007D27E9B2E500114E9B /* PBXTargetDependency */ = {
			isa = PBXTargetDependency;
			target = 8CCB006427E9B2E300114E9B /* FintechBomb */;
			targetProxy = 8CCB007C27E9B2E500114E9B /* PBXContainerItemProxy */;
		};
		8CCB008727E9B2E500114E9B /* PBXTargetDependency */ = {
			isa = PBXTargetDependency;
			target = 8CCB006427E9B2E300114E9B /* FintechBomb */;
			targetProxy = 8CCB008627E9B2E500114E9B /* PBXContainerItemProxy */;
		};
/* End PBXTargetDependency section */

/* Begin PBXVariantGroup section */
		8CCB006E27E9B2E300114E9B /* Main.storyboard */ = {
			isa = PBXVariantGroup;
			children = (
				8CCB006F27E9B2E300114E9B /* Base */,
			);
			name = Main.storyboard;
			sourceTree = "<group>";
		};
		8CCB007327E9B2E500114E9B /* LaunchScreen.storyboard */ = {
			isa = PBXVariantGroup;
			children = (
				8CCB007427E9B2E500114E9B /* Base */,
			);
			name = LaunchScreen.storyboard;
			sourceTree = "<group>";
		};
/* End PBXVariantGroup section */

/* Begin XCBuildConfiguration section */
		8CCB008D27E9B2E500114E9B /* Debug */ = {
			isa = XCBuildConfiguration;
			buildSettings = {
				ALWAYS_SEARCH_USER_PATHS = NO;
				CLANG_ANALYZER_NONNULL = YES;
				CLANG_ANALYZER_NUMBER_OBJECT_CONVERSION = YES_AGGRESSIVE;
				CLANG_CXX_LANGUAGE_STANDARD = "gnu++17";
				CLANG_ENABLE_MODULES = YES;
				CLANG_ENABLE_OBJC_ARC = YES;
				CLANG_ENABLE_OBJC_WEAK = YES;
				CLANG_WARN_BLOCK_CAPTURE_AUTORELEASING = YES;
				CLANG_WARN_BOOL_CONVERSION = YES;
				CLANG_WARN_COMMA = YES;
				CLANG_WARN_CONSTANT_CONVERSION = YES;
				CLANG_WARN_DEPRECATED_OBJC_IMPLEMENTATIONS = YES;
				CLANG_WARN_DIRECT_OBJC_ISA_USAGE = YES_ERROR;
				CLANG_WARN_DOCUMENTATION_COMMENTS = YES;
				CLANG_WARN_EMPTY_BODY = YES;
				CLANG_WARN_ENUM_CONVERSION = YES;
				CLANG_WARN_INFINITE_RECURSION = YES;
				CLANG_WARN_INT_CONVERSION = YES;
				CLANG_WARN_NON_LITERAL_NULL_CONVERSION = YES;
				CLANG_WARN_OBJC_IMPLICIT_RETAIN_SELF = YES;
				CLANG_WARN_OBJC_LITERAL_CONVERSION = YES;
				CLANG_WARN_OBJC_ROOT_CLASS = YES_ERROR;
				CLANG_WARN_QUOTED_INCLUDE_IN_FRAMEWORK_HEADER = YES;
				CLANG_WARN_RANGE_LOOP_ANALYSIS = YES;
				CLANG_WARN_STRICT_PROTOTYPES = YES;
				CLANG_WARN_SUSPICIOUS_MOVE = YES;
				CLANG_WARN_UNGUARDED_AVAILABILITY = YES_AGGRESSIVE;
				CLANG_WARN_UNREACHABLE_CODE = YES;
				CLANG_WARN__DUPLICATE_METHOD_MATCH = YES;
				COPY_PHASE_STRIP = NO;
				DEBUG_INFORMATION_FORMAT = dwarf;
				ENABLE_STRICT_OBJC_MSGSEND = YES;
				ENABLE_TESTABILITY = YES;
				GCC_C_LANGUAGE_STANDARD = gnu11;
				GCC_DYNAMIC_NO_PIC = NO;
				GCC_NO_COMMON_BLOCKS = YES;
				GCC_OPTIMIZATION_LEVEL = 0;
				GCC_PREPROCESSOR_DEFINITIONS = (
					"DEBUG=1",
					"$(inherited)",
				);
				GCC_WARN_64_TO_32_BIT_CONVERSION = YES;
				GCC_WARN_ABOUT_RETURN_TYPE = YES_ERROR;
				GCC_WARN_UNDECLARED_SELECTOR = YES;
				GCC_WARN_UNINITIALIZED_AUTOS = YES_AGGRESSIVE;
				GCC_WARN_UNUSED_FUNCTION = YES;
				GCC_WARN_UNUSED_VARIABLE = YES;
				IPHONEOS_DEPLOYMENT_TARGET = 15.4;
				MTL_ENABLE_DEBUG_INFO = INCLUDE_SOURCE;
				MTL_FAST_MATH = YES;
				ONLY_ACTIVE_ARCH = YES;
				SDKROOT = iphoneos;
				SWIFT_ACTIVE_COMPILATION_CONDITIONS = DEBUG;
				SWIFT_OPTIMIZATION_LEVEL = "-Onone";
			};
			name = Debug;
		};
		8CCB008E27E9B2E500114E9B /* Release */ = {
			isa = XCBuildConfiguration;
			buildSettings = {
				ALWAYS_SEARCH_USER_PATHS = NO;
				CLANG_ANALYZER_NONNULL = YES;
				CLANG_ANALYZER_NUMBER_OBJECT_CONVERSION = YES_AGGRESSIVE;
				CLANG_CXX_LANGUAGE_STANDARD = "gnu++17";
				CLANG_ENABLE_MODULES = YES;
				CLANG_ENABLE_OBJC_ARC = YES;
				CLANG_ENABLE_OBJC_WEAK = YES;
				CLANG_WARN_BLOCK_CAPTURE_AUTORELEASING = YES;
				CLANG_WARN_BOOL_CONVERSION = YES;
				CLANG_WARN_COMMA = YES;
				CLANG_WARN_CONSTANT_CONVERSION = YES;
				CLANG_WARN_DEPRECATED_OBJC_IMPLEMENTATIONS = YES;
				CLANG_WARN_DIRECT_OBJC_ISA_USAGE = YES_ERROR;
				CLANG_WARN_DOCUMENTATION_COMMENTS = YES;
				CLANG_WARN_EMPTY_BODY = YES;
				CLANG_WARN_ENUM_CONVERSION = YES;
				CLANG_WARN_INFINITE_RECURSION = YES;
				CLANG_WARN_INT_CONVERSION = YES;
				CLANG_WARN_NON_LITERAL_NULL_CONVERSION = YES;
				CLANG_WARN_OBJC_IMPLICIT_RETAIN_SELF = YES;
				CLANG_WARN_OBJC_LITERAL_CONVERSION = YES;
				CLANG_WARN_OBJC_ROOT_CLASS = YES_ERROR;
				CLANG_WARN_QUOTED_INCLUDE_IN_FRAMEWORK_HEADER = YES;
				CLANG_WARN_RANGE_LOOP_ANALYSIS = YES;
				CLANG_WARN_STRICT_PROTOTYPES = YES;
				CLANG_WARN_SUSPICIOUS_MOVE = YES;
				CLANG_WARN_UNGUARDED_AVAILABILITY = YES_AGGRESSIVE;
				CLANG_WARN_UNREACHABLE_CODE = YES;
				CLANG_WARN__DUPLICATE_METHOD_MATCH = YES;
				COPY_PHASE_STRIP = NO;
				DEBUG_INFORMATION_FORMAT = "dwarf-with-dsym";
				ENABLE_NS_ASSERTIONS = NO;
				ENABLE_STRICT_OBJC_MSGSEND = YES;
				GCC_C_LANGUAGE_STANDARD = gnu11;
				GCC_NO_COMMON_BLOCKS = YES;
				GCC_WARN_64_TO_32_BIT_CONVERSION = YES;
				GCC_WARN_ABOUT_RETURN_TYPE = YES_ERROR;
				GCC_WARN_UNDECLARED_SELECTOR = YES;
				GCC_WARN_UNINITIALIZED_AUTOS = YES_AGGRESSIVE;
				GCC_WARN_UNUSED_FUNCTION = YES;
				GCC_WARN_UNUSED_VARIABLE = YES;
				IPHONEOS_DEPLOYMENT_TARGET = 15.4;
				MTL_ENABLE_DEBUG_INFO = NO;
				MTL_FAST_MATH = YES;
				SDKROOT = iphoneos;
				SWIFT_COMPILATION_MODE = wholemodule;
				SWIFT_OPTIMIZATION_LEVEL = "-O";
				VALIDATE_PRODUCT = YES;
			};
			name = Release;
		};
		8CCB009027E9B2E500114E9B /* Debug */ = {
			isa = XCBuildConfiguration;
			buildSettings = {
				ASSETCATALOG_COMPILER_APPICON_NAME = AppIcon;
				ASSETCATALOG_COMPILER_GLOBAL_ACCENT_COLOR_NAME = AccentColor;
				CODE_SIGN_STYLE = Automatic;
				CURRENT_PROJECT_VERSION = 1;
				DEVELOPMENT_TEAM = H4VX6CT2V4;
				GENERATE_INFOPLIST_FILE = YES;
				INFOPLIST_FILE = FintechBomb/Info.plist;
				INFOPLIST_KEY_UIApplicationSupportsIndirectInputEvents = YES;
				INFOPLIST_KEY_UILaunchStoryboardName = LaunchScreen;
				INFOPLIST_KEY_UIMainStoryboardFile = Main;
				INFOPLIST_KEY_UISupportedInterfaceOrientations_iPad = "UIInterfaceOrientationPortrait UIInterfaceOrientationPortraitUpsideDown UIInterfaceOrientationLandscapeLeft UIInterfaceOrientationLandscapeRight";
				INFOPLIST_KEY_UISupportedInterfaceOrientations_iPhone = "UIInterfaceOrientationPortrait UIInterfaceOrientationLandscapeLeft UIInterfaceOrientationLandscapeRight";
				LD_RUNPATH_SEARCH_PATHS = (
					"$(inherited)",
					"@executable_path/Frameworks",
				);
				MARKETING_VERSION = 1.0;
				PRODUCT_BUNDLE_IDENTIFIER = com.fantaike.FintechBomb.FintechBomb;
				PRODUCT_NAME = "$(TARGET_NAME)";
				SWIFT_EMIT_LOC_STRINGS = YES;
				SWIFT_VERSION = 5.0;
				TARGETED_DEVICE_FAMILY = "1,2";
			};
			name = Debug;
		};
		8CCB009127E9B2E500114E9B /* Release */ = {
			isa = XCBuildConfiguration;
			buildSettings = {
				ASSETCATALOG_COMPILER_APPICON_NAME = AppIcon;
				ASSETCATALOG_COMPILER_GLOBAL_ACCENT_COLOR_NAME = AccentColor;
				CODE_SIGN_STYLE = Automatic;
				CURRENT_PROJECT_VERSION = 1;
				DEVELOPMENT_TEAM = H4VX6CT2V4;
				GENERATE_INFOPLIST_FILE = YES;
				INFOPLIST_FILE = FintechBomb/Info.plist;
				INFOPLIST_KEY_UIApplicationSupportsIndirectInputEvents = YES;
				INFOPLIST_KEY_UILaunchStoryboardName = LaunchScreen;
				INFOPLIST_KEY_UIMainStoryboardFile = Main;
				INFOPLIST_KEY_UISupportedInterfaceOrientations_iPad = "UIInterfaceOrientationPortrait UIInterfaceOrientationPortraitUpsideDown UIInterfaceOrientationLandscapeLeft UIInterfaceOrientationLandscapeRight";
				INFOPLIST_KEY_UISupportedInterfaceOrientations_iPhone = "UIInterfaceOrientationPortrait UIInterfaceOrientationLandscapeLeft UIInterfaceOrientationLandscapeRight";
				LD_RUNPATH_SEARCH_PATHS = (
					"$(inherited)",
					"@executable_path/Frameworks",
				);
				MARKETING_VERSION = 1.0;
				PRODUCT_BUNDLE_IDENTIFIER = com.fantaike.FintechBomb.FintechBomb;
				PRODUCT_NAME = "$(TARGET_NAME)";
				SWIFT_EMIT_LOC_STRINGS = YES;
				SWIFT_VERSION = 5.0;
				TARGETED_DEVICE_FAMILY = "1,2";
			};
			name = Release;
		};
		8CCB009327E9B2E500114E9B /* Debug */ = {
			isa = XCBuildConfiguration;
			buildSettings = {
				ALWAYS_EMBED_SWIFT_STANDARD_LIBRARIES = YES;
				BUNDLE_LOADER = "$(TEST_HOST)";
				CODE_SIGN_STYLE = Automatic;
				CURRENT_PROJECT_VERSION = 1;
				DEVELOPMENT_TEAM = H4VX6CT2V4;
				GENERATE_INFOPLIST_FILE = YES;
				IPHONEOS_DEPLOYMENT_TARGET = 15.4;
				MARKETING_VERSION = 1.0;
				PRODUCT_BUNDLE_IDENTIFIER = com.fantaike.FintechBomb.FintechBombTests;
				PRODUCT_NAME = "$(TARGET_NAME)";
				SWIFT_EMIT_LOC_STRINGS = NO;
				SWIFT_VERSION = 5.0;
				TARGETED_DEVICE_FAMILY = "1,2";
				TEST_HOST = "$(BUILT_PRODUCTS_DIR)/FintechBomb.app/FintechBomb";
			};
			name = Debug;
		};
		8CCB009427E9B2E500114E9B /* Release */ = {
			isa = XCBuildConfiguration;
			buildSettings = {
				ALWAYS_EMBED_SWIFT_STANDARD_LIBRARIES = YES;
				BUNDLE_LOADER = "$(TEST_HOST)";
				CODE_SIGN_STYLE = Automatic;
				CURRENT_PROJECT_VERSION = 1;
				DEVELOPMENT_TEAM = H4VX6CT2V4;
				GENERATE_INFOPLIST_FILE = YES;
				IPHONEOS_DEPLOYMENT_TARGET = 15.4;
				MARKETING_VERSION = 1.0;
				PRODUCT_BUNDLE_IDENTIFIER = com.fantaike.FintechBomb.FintechBombTests;
				PRODUCT_NAME = "$(TARGET_NAME)";
				SWIFT_EMIT_LOC_STRINGS = NO;
				SWIFT_VERSION = 5.0;
				TARGETED_DEVICE_FAMILY = "1,2";
				TEST_HOST = "$(BUILT_PRODUCTS_DIR)/FintechBomb.app/FintechBomb";
			};
			name = Release;
		};
		8CCB009627E9B2E500114E9B /* Debug */ = {
			isa = XCBuildConfiguration;
			buildSettings = {
				ALWAYS_EMBED_SWIFT_STANDARD_LIBRARIES = YES;
				CODE_SIGN_STYLE = Automatic;
				CURRENT_PROJECT_VERSION = 1;
				DEVELOPMENT_TEAM = H4VX6CT2V4;
				GENERATE_INFOPLIST_FILE = YES;
				MARKETING_VERSION = 1.0;
				PRODUCT_BUNDLE_IDENTIFIER = com.fantaike.FintechBomb.FintechBombUITests;
				PRODUCT_NAME = "$(TARGET_NAME)";
				SWIFT_EMIT_LOC_STRINGS = NO;
				SWIFT_VERSION = 5.0;
				TARGETED_DEVICE_FAMILY = "1,2";
				TEST_TARGET_NAME = FintechBomb;
			};
			name = Debug;
		};
		8CCB009727E9B2E500114E9B /* Release */ = {
			isa = XCBuildConfiguration;
			buildSettings = {
				ALWAYS_EMBED_SWIFT_STANDARD_LIBRARIES = YES;
				CODE_SIGN_STYLE = Automatic;
				CURRENT_PROJECT_VERSION = 1;
				DEVELOPMENT_TEAM = H4VX6CT2V4;
				GENERATE_INFOPLIST_FILE = YES;
				MARKETING_VERSION = 1.0;
				PRODUCT_BUNDLE_IDENTIFIER = com.fantaike.FintechBomb.FintechBombUITests;
				PRODUCT_NAME = "$(TARGET_NAME)";
				SWIFT_EMIT_LOC_STRINGS = NO;
				SWIFT_VERSION = 5.0;
				TARGETED_DEVICE_FAMILY = "1,2";
				TEST_TARGET_NAME = FintechBomb;
			};
			name = Release;
		};
/* End XCBuildConfiguration section */

/* Begin XCConfigurationList section */
		8CCB006027E9B2E300114E9B /* Build configuration list for PBXProject "FintechBomb" */ = {
			isa = XCConfigurationList;
			buildConfigurations = (
				8CCB008D27E9B2E500114E9B /* Debug */,
				8CCB008E27E9B2E500114E9B /* Release */,
			);
			defaultConfigurationIsVisible = 0;
			defaultConfigurationName = Release;
		};
		8CCB008F27E9B2E500114E9B /* Build configuration list for PBXNativeTarget "FintechBomb" */ = {
			isa = XCConfigurationList;
			buildConfigurations = (
				8CCB009027E9B2E500114E9B /* Debug */,
				8CCB009127E9B2E500114E9B /* Release */,
			);
			defaultConfigurationIsVisible = 0;
			defaultConfigurationName = Release;
		};
		8CCB009227E9B2E500114E9B /* Build configuration list for PBXNativeTarget "FintechBombTests" */ = {
			isa = XCConfigurationList;
			buildConfigurations = (
				8CCB009327E9B2E500114E9B /* Debug */,
				8CCB009427E9B2E500114E9B /* Release */,
			);
			defaultConfigurationIsVisible = 0;
			defaultConfigurationName = Release;
		};
		8CCB009527E9B2E500114E9B /* Build configuration list for PBXNativeTarget "FintechBombUITests" */ = {
			isa = XCConfigurationList;
			buildConfigurations = (
				8CCB009627E9B2E500114E9B /* Debug */,
				8CCB009727E9B2E500114E9B /* Release */,
			);
			defaultConfigurationIsVisible = 0;
			defaultConfigurationName = Release;
		};
/* End XCConfigurationList section */
	};
	rootObject = 8CCB005D27E9B2E300114E9B /* Project object */;
}
