// !$*UTF8*$!
{
	archiveVersion = 1;
	classes = {
	};
	objectVersion = 55;
	objects = {

/* Begin PBXBuildFile section */
		5F8A8E1BD1FC0AFC5ACF706A /* Pods_FintechBomb_FintechBombUITests.framework in Frameworks */ = {isa = PBXBuildFile; fileRef = BBE903111B3DA85B4C07923C /* Pods_FintechBomb_FintechBombUITests.framework */; };
		69EC16B57F496944486B2F54 /* Pods_FintechBomb.framework in Frameworks */ = {isa = PBXBuildFile; fileRef = 1570F42E454BF3C5A2EE6F92 /* Pods_FintechBomb.framework */; };
		82175000118DCFD7D26C130D /* Pods_FintechBombTests.framework in Frameworks */ = {isa = PBXBuildFile; fileRef = BAC7BCF293872FC72C2B7AC1 /* Pods_FintechBombTests.framework */; };
		8C78E74927E9BED5004BE52B /* BuildTargetToggle.swift in Sources */ = {isa = PBXBuildFile; fileRef = 8C78E72627E9BED4004BE52B /* BuildTargetToggle.swift */; };
		8C78E74A27E9BED5004BE52B /* DDToggleDataStoreType.swift in Sources */ = {isa = PBXBuildFile; fileRef = 8C78E72727E9BED4004BE52B /* DDToggleDataStoreType.swift */; };
		8C78E74B27E9BED5004BE52B /* DDLocalToggleDataStore.swift in Sources */ = {isa = PBXBuildFile; fileRef = 8C78E72827E9BED4004BE52B /* DDLocalToggleDataStore.swift */; };
		8C78E74C27E9BED5004BE52B /* Functions.swift in Sources */ = {isa = PBXBuildFile; fileRef = 8C78E72A27E9BED4004BE52B /* Functions.swift */; };
		8C78E74D27E9BED5004BE52B /* Configuration.swift in Sources */ = {isa = PBXBuildFile; fileRef = 8C78E72B27E9BED4004BE52B /* Configuration.swift */; };
		8C78E74E27E9BED5004BE52B /* AppRouter.swift in Sources */ = {isa = PBXBuildFile; fileRef = 8C78E72D27E9BED4004BE52B /* AppRouter.swift */; };
		8C78E74F27E9BED5004BE52B /* Navigating.swift in Sources */ = {isa = PBXBuildFile; fileRef = 8C78E72E27E9BED4004BE52B /* Navigating.swift */; };
		8C78E75027E9BED5004BE52B /* RoutingSource.swift in Sources */ = {isa = PBXBuildFile; fileRef = 8C78E72F27E9BED4004BE52B /* RoutingSource.swift */; };
		8C78E75127E9BED5004BE52B /* TransitionType.swift in Sources */ = {isa = PBXBuildFile; fileRef = 8C78E73027E9BED4004BE52B /* TransitionType.swift */; };
		8C78E75227E9BED5004BE52B /* UniversalLinks.swift in Sources */ = {isa = PBXBuildFile; fileRef = 8C78E73127E9BED4004BE52B /* UniversalLinks.swift */; };
		8C78E75327E9BED5004BE52B /* AppRouting.swift in Sources */ = {isa = PBXBuildFile; fileRef = 8C78E73227E9BED4004BE52B /* AppRouting.swift */; };
		8C78E75527E9BED5004BE52B /* SceneDelegate.swift in Sources */ = {isa = PBXBuildFile; fileRef = 8C78E73427E9BED4004BE52B /* SceneDelegate.swift */; };
		8C78E75627E9BED5004BE52B /* FFPerson.m in Sources */ = {isa = PBXBuildFile; fileRef = 8C78E73827E9BED4004BE52B /* FFPerson.m */; };
		8C78E75727E9BED5004BE52B /* DDPerson.m in Sources */ = {isa = PBXBuildFile; fileRef = 8C78E73C27E9BED4004BE52B /* DDPerson.m */; };
		8C78E75827E9BED5004BE52B /* EEPerson.m in Sources */ = {isa = PBXBuildFile; fileRef = 8C78E73D27E9BED4004BE52B /* EEPerson.m */; };
		8C78E75927E9BED5004BE52B /* DDTestViewController.m in Sources */ = {isa = PBXBuildFile; fileRef = 8C78E73F27E9BED4004BE52B /* DDTestViewController.m */; };
		8C78E75A27E9BED5004BE52B /* LaunchScreen.storyboard in Resources */ = {isa = PBXBuildFile; fileRef = 8C78E74227E9BED5004BE52B /* LaunchScreen.storyboard */; };
		8C78E75B27E9BED5004BE52B /* Main.storyboard in Resources */ = {isa = PBXBuildFile; fileRef = 8C78E74427E9BED5004BE52B /* Main.storyboard */; };
		8C78E75C27E9BED5004BE52B /* ViewController.swift in Sources */ = {isa = PBXBuildFile; fileRef = 8C78E74627E9BED5004BE52B /* ViewController.swift */; };
		8C78E75D27E9BED5004BE52B /* AppDelegate.swift in Sources */ = {isa = PBXBuildFile; fileRef = 8C78E74727E9BED5004BE52B /* AppDelegate.swift */; };
		8C78E75E27E9BED5004BE52B /* Assets.xcassets in Resources */ = {isa = PBXBuildFile; fileRef = 8C78E74827E9BED5004BE52B /* Assets.xcassets */; };
		8CCB008027E9B2E500114E9B /* FintechBombTests.swift in Sources */ = {isa = PBXBuildFile; fileRef = 8CCB007F27E9B2E500114E9B /* FintechBombTests.swift */; };
		8CCB008A27E9B2E500114E9B /* FintechBombUITests.swift in Sources */ = {isa = PBXBuildFile; fileRef = 8CCB008927E9B2E500114E9B /* FintechBombUITests.swift */; };
		8CCB008C27E9B2E500114E9B /* FintechBombUITestsLaunchTests.swift in Sources */ = {isa = PBXBuildFile; fileRef = 8CCB008B27E9B2E500114E9B /* FintechBombUITestsLaunchTests.swift */; };
/* End PBXBuildFile section */

/* Begin PBXContainerItemProxy section */
		8CCB007C27E9B2E500114E9B /* PBXContainerItemProxy */ = {
			isa = PBXContainerItemProxy;
			containerPortal = 8CCB005D27E9B2E300114E9B /* Project object */;
			proxyType = 1;
			remoteGlobalIDString = 8CCB006427E9B2E300114E9B;
			remoteInfo = FintechBomb;
		};
		8CCB008627E9B2E500114E9B /* PBXContainerItemProxy */ = {
			isa = PBXContainerItemProxy;
			containerPortal = 8CCB005D27E9B2E300114E9B /* Project object */;
			proxyType = 1;
			remoteGlobalIDString = 8CCB006427E9B2E300114E9B;
			remoteInfo = FintechBomb;
		};
/* End PBXContainerItemProxy section */

/* Begin PBXFileReference section */
		1570F42E454BF3C5A2EE6F92 /* Pods_FintechBomb.framework */ = {isa = PBXFileReference; explicitFileType = wrapper.framework; includeInIndex = 0; path = Pods_FintechBomb.framework; sourceTree = BUILT_PRODUCTS_DIR; };
		2DFA0D4D43ABF802D207A8FE /* Pods-FintechBomb-FintechBombUITests.debug.xcconfig */ = {isa = PBXFileReference; includeInIndex = 1; lastKnownFileType = text.xcconfig; name = "Pods-FintechBomb-FintechBombUITests.debug.xcconfig"; path = "Target Support Files/Pods-FintechBomb-FintechBombUITests/Pods-FintechBomb-FintechBombUITests.debug.xcconfig"; sourceTree = "<group>"; };
		8C78E71127E9BEB3004BE52B /* FintechBomb-Bridging-Header.h */ = {isa = PBXFileReference; lastKnownFileType = sourcecode.c.h; path = "FintechBomb-Bridging-Header.h"; sourceTree = "<group>"; };
		8C78E72627E9BED4004BE52B /* BuildTargetToggle.swift */ = {isa = PBXFileReference; fileEncoding = 4; lastKnownFileType = sourcecode.swift; path = BuildTargetToggle.swift; sourceTree = "<group>"; };
		8C78E72727E9BED4004BE52B /* DDToggleDataStoreType.swift */ = {isa = PBXFileReference; fileEncoding = 4; lastKnownFileType = sourcecode.swift; path = DDToggleDataStoreType.swift; sourceTree = "<group>"; };
		8C78E72827E9BED4004BE52B /* DDLocalToggleDataStore.swift */ = {isa = PBXFileReference; fileEncoding = 4; lastKnownFileType = sourcecode.swift; path = DDLocalToggleDataStore.swift; sourceTree = "<group>"; };
		8C78E72A27E9BED4004BE52B /* Functions.swift */ = {isa = PBXFileReference; fileEncoding = 4; lastKnownFileType = sourcecode.swift; path = Functions.swift; sourceTree = "<group>"; };
		8C78E72B27E9BED4004BE52B /* Configuration.swift */ = {isa = PBXFileReference; fileEncoding = 4; lastKnownFileType = sourcecode.swift; path = Configuration.swift; sourceTree = "<group>"; };
		8C78E72D27E9BED4004BE52B /* AppRouter.swift */ = {isa = PBXFileReference; fileEncoding = 4; lastKnownFileType = sourcecode.swift; path = AppRouter.swift; sourceTree = "<group>"; };
		8C78E72E27E9BED4004BE52B /* Navigating.swift */ = {isa = PBXFileReference; fileEncoding = 4; lastKnownFileType = sourcecode.swift; path = Navigating.swift; sourceTree = "<group>"; };
		8C78E72F27E9BED4004BE52B /* RoutingSource.swift */ = {isa = PBXFileReference; fileEncoding = 4; lastKnownFileType = sourcecode.swift; path = RoutingSource.swift; sourceTree = "<group>"; };
		8C78E73027E9BED4004BE52B /* TransitionType.swift */ = {isa = PBXFileReference; fileEncoding = 4; lastKnownFileType = sourcecode.swift; path = TransitionType.swift; sourceTree = "<group>"; };
		8C78E73127E9BED4004BE52B /* UniversalLinks.swift */ = {isa = PBXFileReference; fileEncoding = 4; lastKnownFileType = sourcecode.swift; path = UniversalLinks.swift; sourceTree = "<group>"; };
		8C78E73227E9BED4004BE52B /* AppRouting.swift */ = {isa = PBXFileReference; fileEncoding = 4; lastKnownFileType = sourcecode.swift; path = AppRouting.swift; sourceTree = "<group>"; };
		8C78E73327E9BED4004BE52B /* Info.plist */ = {isa = PBXFileReference; fileEncoding = 4; lastKnownFileType = text.plist.xml; path = Info.plist; sourceTree = "<group>"; };
		8C78E73427E9BED4004BE52B /* SceneDelegate.swift */ = {isa = PBXFileReference; fileEncoding = 4; lastKnownFileType = sourcecode.swift; path = SceneDelegate.swift; sourceTree = "<group>"; };
		8C78E73827E9BED4004BE52B /* FFPerson.m */ = {isa = PBXFileReference; fileEncoding = 4; lastKnownFileType = sourcecode.c.objc; path = FFPerson.m; sourceTree = "<group>"; };
		8C78E73927E9BED4004BE52B /* DDPerson.h */ = {isa = PBXFileReference; fileEncoding = 4; lastKnownFileType = sourcecode.c.h; path = DDPerson.h; sourceTree = "<group>"; };
		8C78E73A27E9BED4004BE52B /* EEPerson.h */ = {isa = PBXFileReference; fileEncoding = 4; lastKnownFileType = sourcecode.c.h; path = EEPerson.h; sourceTree = "<group>"; };
		8C78E73B27E9BED4004BE52B /* FFPerson.h */ = {isa = PBXFileReference; fileEncoding = 4; lastKnownFileType = sourcecode.c.h; path = FFPerson.h; sourceTree = "<group>"; };
		8C78E73C27E9BED4004BE52B /* DDPerson.m */ = {isa = PBXFileReference; fileEncoding = 4; lastKnownFileType = sourcecode.c.objc; path = DDPerson.m; sourceTree = "<group>"; };
		8C78E73D27E9BED4004BE52B /* EEPerson.m */ = {isa = PBXFileReference; fileEncoding = 4; lastKnownFileType = sourcecode.c.objc; path = EEPerson.m; sourceTree = "<group>"; };
		8C78E73E27E9BED4004BE52B /* DDTestViewController.h */ = {isa = PBXFileReference; fileEncoding = 4; lastKnownFileType = sourcecode.c.h; path = DDTestViewController.h; sourceTree = "<group>"; };
		8C78E73F27E9BED4004BE52B /* DDTestViewController.m */ = {isa = PBXFileReference; fileEncoding = 4; lastKnownFileType = sourcecode.c.objc; path = DDTestViewController.m; sourceTree = "<group>"; };
		8C78E74327E9BED5004BE52B /* Base */ = {isa = PBXFileReference; lastKnownFileType = file.storyboard; name = Base; path = LaunchScreen.storyboard; sourceTree = "<group>"; };
		8C78E74527E9BED5004BE52B /* Base */ = {isa = PBXFileReference; lastKnownFileType = file.storyboard; name = Base; path = Main.storyboard; sourceTree = "<group>"; };
		8C78E74627E9BED5004BE52B /* ViewController.swift */ = {isa = PBXFileReference; fileEncoding = 4; lastKnownFileType = sourcecode.swift; path = ViewController.swift; sourceTree = "<group>"; };
		8C78E74727E9BED5004BE52B /* AppDelegate.swift */ = {isa = PBXFileReference; fileEncoding = 4; lastKnownFileType = sourcecode.swift; path = AppDelegate.swift; sourceTree = "<group>"; };
		8C78E74827E9BED5004BE52B /* Assets.xcassets */ = {isa = PBXFileReference; lastKnownFileType = folder.assetcatalog; path = Assets.xcassets; sourceTree = "<group>"; };
		8CCB006527E9B2E300114E9B /* FintechBomb.app */ = {isa = PBXFileReference; explicitFileType = wrapper.application; includeInIndex = 0; path = FintechBomb.app; sourceTree = BUILT_PRODUCTS_DIR; };
		8CCB007B27E9B2E500114E9B /* FintechBombTests.xctest */ = {isa = PBXFileReference; explicitFileType = wrapper.cfbundle; includeInIndex = 0; path = FintechBombTests.xctest; sourceTree = BUILT_PRODUCTS_DIR; };
		8CCB007F27E9B2E500114E9B /* FintechBombTests.swift */ = {isa = PBXFileReference; lastKnownFileType = sourcecode.swift; path = FintechBombTests.swift; sourceTree = "<group>"; };
		8CCB008527E9B2E500114E9B /* FintechBombUITests.xctest */ = {isa = PBXFileReference; explicitFileType = wrapper.cfbundle; includeInIndex = 0; path = FintechBombUITests.xctest; sourceTree = BUILT_PRODUCTS_DIR; };
		8CCB008927E9B2E500114E9B /* FintechBombUITests.swift */ = {isa = PBXFileReference; lastKnownFileType = sourcecode.swift; path = FintechBombUITests.swift; sourceTree = "<group>"; };
		8CCB008B27E9B2E500114E9B /* FintechBombUITestsLaunchTests.swift */ = {isa = PBXFileReference; lastKnownFileType = sourcecode.swift; path = FintechBombUITestsLaunchTests.swift; sourceTree = "<group>"; };
		9B7E04D07AB3F3C4B74CD226 /* Pods-FintechBombTests.release.xcconfig */ = {isa = PBXFileReference; includeInIndex = 1; lastKnownFileType = text.xcconfig; name = "Pods-FintechBombTests.release.xcconfig"; path = "Target Support Files/Pods-FintechBombTests/Pods-FintechBombTests.release.xcconfig"; sourceTree = "<group>"; };
		BAC7BCF293872FC72C2B7AC1 /* Pods_FintechBombTests.framework */ = {isa = PBXFileReference; explicitFileType = wrapper.framework; includeInIndex = 0; path = Pods_FintechBombTests.framework; sourceTree = BUILT_PRODUCTS_DIR; };
		BBE903111B3DA85B4C07923C /* Pods_FintechBomb_FintechBombUITests.framework */ = {isa = PBXFileReference; explicitFileType = wrapper.framework; includeInIndex = 0; path = Pods_FintechBomb_FintechBombUITests.framework; sourceTree = BUILT_PRODUCTS_DIR; };
		C543DFD9AA7AC843F7CB8335 /* Pods-FintechBombTests.debug.xcconfig */ = {isa = PBXFileReference; includeInIndex = 1; lastKnownFileType = text.xcconfig; name = "Pods-FintechBombTests.debug.xcconfig"; path = "Target Support Files/Pods-FintechBombTests/Pods-FintechBombTests.debug.xcconfig"; sourceTree = "<group>"; };
		D2AE9452AA9E115D99F7D748 /* Pods-FintechBomb.debug.xcconfig */ = {isa = PBXFileReference; includeInIndex = 1; lastKnownFileType = text.xcconfig; name = "Pods-FintechBomb.debug.xcconfig"; path = "Target Support Files/Pods-FintechBomb/Pods-FintechBomb.debug.xcconfig"; sourceTree = "<group>"; };
		D8841ECDBE77F316A42F8982 /* Pods-FintechBomb.release.xcconfig */ = {isa = PBXFileReference; includeInIndex = 1; lastKnownFileType = text.xcconfig; name = "Pods-FintechBomb.release.xcconfig"; path = "Target Support Files/Pods-FintechBomb/Pods-FintechBomb.release.xcconfig"; sourceTree = "<group>"; };
		FF49D60EB60E5B0C21B1FADE /* Pods-FintechBomb-FintechBombUITests.release.xcconfig */ = {isa = PBXFileReference; includeInIndex = 1; lastKnownFileType = text.xcconfig; name = "Pods-FintechBomb-FintechBombUITests.release.xcconfig"; path = "Target Support Files/Pods-FintechBomb-FintechBombUITests/Pods-FintechBomb-FintechBombUITests.release.xcconfig"; sourceTree = "<group>"; };
/* End PBXFileReference section */

/* Begin PBXFrameworksBuildPhase section */
		8CCB006227E9B2E300114E9B /* Frameworks */ = {
			isa = PBXFrameworksBuildPhase;
			buildActionMask = 2147483647;
			files = (
				69EC16B57F496944486B2F54 /* Pods_FintechBomb.framework in Frameworks */,
			);
			runOnlyForDeploymentPostprocessing = 0;
		};
		8CCB007827E9B2E500114E9B /* Frameworks */ = {
			isa = PBXFrameworksBuildPhase;
			buildActionMask = 2147483647;
			files = (
				82175000118DCFD7D26C130D /* Pods_FintechBombTests.framework in Frameworks */,
			);
			runOnlyForDeploymentPostprocessing = 0;
		};
		8CCB008227E9B2E500114E9B /* Frameworks */ = {
			isa = PBXFrameworksBuildPhase;
			buildActionMask = 2147483647;
			files = (
				5F8A8E1BD1FC0AFC5ACF706A /* Pods_FintechBomb_FintechBombUITests.framework in Frameworks */,
			);
			runOnlyForDeploymentPostprocessing = 0;
		};
/* End PBXFrameworksBuildPhase section */

/* Begin PBXGroup section */
		8C78E72427E9BED4004BE52B /* DDFoudations */ = {
			isa = PBXGroup;
			children = (
				8C78E72527E9BED4004BE52B /* DDToggle */,
				8C78E72927E9BED4004BE52B /* DDUtils */,
				8C78E72C27E9BED4004BE52B /* DDRouting */,
			);
			path = DDFoudations;
			sourceTree = "<group>";
		};
		8C78E72527E9BED4004BE52B /* DDToggle */ = {
			isa = PBXGroup;
			children = (
				8C78E72627E9BED4004BE52B /* BuildTargetToggle.swift */,
				8C78E72727E9BED4004BE52B /* DDToggleDataStoreType.swift */,
				8C78E72827E9BED4004BE52B /* DDLocalToggleDataStore.swift */,
			);
			path = DDToggle;
			sourceTree = "<group>";
		};
		8C78E72927E9BED4004BE52B /* DDUtils */ = {
			isa = PBXGroup;
			children = (
				8C78E72A27E9BED4004BE52B /* Functions.swift */,
				8C78E72B27E9BED4004BE52B /* Configuration.swift */,
			);
			path = DDUtils;
			sourceTree = "<group>";
		};
		8C78E72C27E9BED4004BE52B /* DDRouting */ = {
			isa = PBXGroup;
			children = (
				8C78E72D27E9BED4004BE52B /* AppRouter.swift */,
				8C78E72E27E9BED4004BE52B /* Navigating.swift */,
				8C78E72F27E9BED4004BE52B /* RoutingSource.swift */,
				8C78E73027E9BED4004BE52B /* TransitionType.swift */,
				8C78E73127E9BED4004BE52B /* UniversalLinks.swift */,
				8C78E73227E9BED4004BE52B /* AppRouting.swift */,
			);
			path = DDRouting;
			sourceTree = "<group>";
		};
		8C78E73527E9BED4004BE52B /* DDInterview */ = {
			isa = PBXGroup;
			children = (
				8C78E73727E9BED4004BE52B /* runtime */,
				8C78E73E27E9BED4004BE52B /* DDTestViewController.h */,
				8C78E73F27E9BED4004BE52B /* DDTestViewController.m */,
			);
			path = DDInterview;
			sourceTree = "<group>";
		};
		8C78E73727E9BED4004BE52B /* runtime */ = {
			isa = PBXGroup;
			children = (
				8C78E73827E9BED4004BE52B /* FFPerson.m */,
				8C78E73927E9BED4004BE52B /* DDPerson.h */,
				8C78E73A27E9BED4004BE52B /* EEPerson.h */,
				8C78E73B27E9BED4004BE52B /* FFPerson.h */,
				8C78E73C27E9BED4004BE52B /* DDPerson.m */,
				8C78E73D27E9BED4004BE52B /* EEPerson.m */,
			);
			path = runtime;
			sourceTree = "<group>";
		};
		8C78E74027E9BED5004BE52B /* DDDebugMenu */ = {
			isa = PBXGroup;
			children = (
			);
			path = DDDebugMenu;
			sourceTree = "<group>";
		};
		8C78E74127E9BED5004BE52B /* Base.lproj */ = {
			isa = PBXGroup;
			children = (
				8C78E74227E9BED5004BE52B /* LaunchScreen.storyboard */,
				8C78E74427E9BED5004BE52B /* Main.storyboard */,
			);
			path = Base.lproj;
			sourceTree = "<group>";
		};
		8CCB005C27E9B2E300114E9B = {
			isa = PBXGroup;
			children = (
				8CCB006727E9B2E300114E9B /* FintechBomb */,
				8CCB007E27E9B2E500114E9B /* FintechBombTests */,
				8CCB008827E9B2E500114E9B /* FintechBombUITests */,
				8CCB006627E9B2E300114E9B /* Products */,
				E67F1D5A700DCBB6FC1E6B63 /* Pods */,
				DB46EB6E18C79A03FDF4874B /* Frameworks */,
			);
			sourceTree = "<group>";
		};
		8CCB006627E9B2E300114E9B /* Products */ = {
			isa = PBXGroup;
			children = (
				8CCB006527E9B2E300114E9B /* FintechBomb.app */,
				8CCB007B27E9B2E500114E9B /* FintechBombTests.xctest */,
				8CCB008527E9B2E500114E9B /* FintechBombUITests.xctest */,
			);
			name = Products;
			sourceTree = "<group>";
		};
		8CCB006727E9B2E300114E9B /* FintechBomb */ = {
			isa = PBXGroup;
			children = (
				8C78E74727E9BED5004BE52B /* AppDelegate.swift */,
				8C78E73427E9BED4004BE52B /* SceneDelegate.swift */,
				8C78E74627E9BED5004BE52B /* ViewController.swift */,
				8C78E74827E9BED5004BE52B /* Assets.xcassets */,
				8C78E74127E9BED5004BE52B /* Base.lproj */,
				8C78E74027E9BED5004BE52B /* DDDebugMenu */,
				8C78E72427E9BED4004BE52B /* DDFoudations */,
				8C78E73527E9BED4004BE52B /* DDInterview */,
				8C78E73327E9BED4004BE52B /* Info.plist */,
				8C78E71127E9BEB3004BE52B /* FintechBomb-Bridging-Header.h */,
			);
			path = FintechBomb;
			sourceTree = "<group>";
		};
		8CCB007E27E9B2E500114E9B /* FintechBombTests */ = {
			isa = PBXGroup;
			children = (
				8CCB007F27E9B2E500114E9B /* FintechBombTests.swift */,
			);
			path = FintechBombTests;
			sourceTree = "<group>";
		};
		8CCB008827E9B2E500114E9B /* FintechBombUITests */ = {
			isa = PBXGroup;
			children = (
				8CCB008927E9B2E500114E9B /* FintechBombUITests.swift */,
				8CCB008B27E9B2E500114E9B /* FintechBombUITestsLaunchTests.swift */,
			);
			path = FintechBombUITests;
			sourceTree = "<group>";
		};
		DB46EB6E18C79A03FDF4874B /* Frameworks */ = {
			isa = PBXGroup;
			children = (
				1570F42E454BF3C5A2EE6F92 /* Pods_FintechBomb.framework */,
				BBE903111B3DA85B4C07923C /* Pods_FintechBomb_FintechBombUITests.framework */,
				BAC7BCF293872FC72C2B7AC1 /* Pods_FintechBombTests.framework */,
			);
			name = Frameworks;
			sourceTree = "<group>";
		};
		E67F1D5A700DCBB6FC1E6B63 /* Pods */ = {
			isa = PBXGroup;
			children = (
				D2AE9452AA9E115D99F7D748 /* Pods-FintechBomb.debug.xcconfig */,
				D8841ECDBE77F316A42F8982 /* Pods-FintechBomb.release.xcconfig */,
				2DFA0D4D43ABF802D207A8FE /* Pods-FintechBomb-FintechBombUITests.debug.xcconfig */,
				FF49D60EB60E5B0C21B1FADE /* Pods-FintechBomb-FintechBombUITests.release.xcconfig */,
				C543DFD9AA7AC843F7CB8335 /* Pods-FintechBombTests.debug.xcconfig */,
				9B7E04D07AB3F3C4B74CD226 /* Pods-FintechBombTests.release.xcconfig */,
			);
			name = Pods;
			path = ../Pods;
			sourceTree = "<group>";
		};
/* End PBXGroup section */

/* Begin PBXNativeTarget section */
		8CCB006427E9B2E300114E9B /* FintechBomb */ = {
			isa = PBXNativeTarget;
			buildConfigurationList = 8CCB008F27E9B2E500114E9B /* Build configuration list for PBXNativeTarget "FintechBomb" */;
			buildPhases = (
				E419B09BC9C8FBEA985752AB /* [CP] Check Pods Manifest.lock */,
				8CCB006127E9B2E300114E9B /* Sources */,
				8CCB006227E9B2E300114E9B /* Frameworks */,
				8CCB006327E9B2E300114E9B /* Resources */,
				B1E9686EC9DB0F28445A29AB /* [CP] Embed Pods Frameworks */,
			);
			buildRules = (
			);
			dependencies = (
			);
			name = FintechBomb;
			productName = FintechBomb;
			productReference = 8CCB006527E9B2E300114E9B /* FintechBomb.app */;
			productType = "com.apple.product-type.application";
		};
		8CCB007A27E9B2E500114E9B /* FintechBombTests */ = {
			isa = PBXNativeTarget;
			buildConfigurationList = 8CCB009227E9B2E500114E9B /* Build configuration list for PBXNativeTarget "FintechBombTests" */;
			buildPhases = (
				F129875A0FB03D2F40E16A42 /* [CP] Check Pods Manifest.lock */,
				8CCB007727E9B2E500114E9B /* Sources */,
				8CCB007827E9B2E500114E9B /* Frameworks */,
				8CCB007927E9B2E500114E9B /* Resources */,
				A9FEF716FD42BD4345DD86AD /* [CP] Embed Pods Frameworks */,
			);
			buildRules = (
			);
			dependencies = (
				8CCB007D27E9B2E500114E9B /* PBXTargetDependency */,
			);
			name = FintechBombTests;
			productName = FintechBombTests;
			productReference = 8CCB007B27E9B2E500114E9B /* FintechBombTests.xctest */;
			productType = "com.apple.product-type.bundle.unit-test";
		};
		8CCB008427E9B2E500114E9B /* FintechBombUITests */ = {
			isa = PBXNativeTarget;
			buildConfigurationList = 8CCB009527E9B2E500114E9B /* Build configuration list for PBXNativeTarget "FintechBombUITests" */;
			buildPhases = (
				F1019402C60BA376FF5B41C2 /* [CP] Check Pods Manifest.lock */,
				8CCB008127E9B2E500114E9B /* Sources */,
				8CCB008227E9B2E500114E9B /* Frameworks */,
				8CCB008327E9B2E500114E9B /* Resources */,
				5C4EA911821F311B6AF6E8D9 /* [CP] Embed Pods Frameworks */,
			);
			buildRules = (
			);
			dependencies = (
				8CCB008727E9B2E500114E9B /* PBXTargetDependency */,
			);
			name = FintechBombUITests;
			productName = FintechBombUITests;
			productReference = 8CCB008527E9B2E500114E9B /* FintechBombUITests.xctest */;
			productType = "com.apple.product-type.bundle.ui-testing";
		};
/* End PBXNativeTarget section */

/* Begin PBXProject section */
		8CCB005D27E9B2E300114E9B /* Project object */ = {
			isa = PBXProject;
			attributes = {
				BuildIndependentTargetsInParallel = 1;
				LastSwiftUpdateCheck = 1330;
				LastUpgradeCheck = 1330;
				TargetAttributes = {
					8CCB006427E9B2E300114E9B = {
						CreatedOnToolsVersion = 13.3;
						LastSwiftMigration = 1330;
					};
					8CCB007A27E9B2E500114E9B = {
						CreatedOnToolsVersion = 13.3;
						TestTargetID = 8CCB006427E9B2E300114E9B;
					};
					8CCB008427E9B2E500114E9B = {
						CreatedOnToolsVersion = 13.3;
						TestTargetID = 8CCB006427E9B2E300114E9B;
					};
				};
			};
			buildConfigurationList = 8CCB006027E9B2E300114E9B /* Build configuration list for PBXProject "FintechBomb" */;
			compatibilityVersion = "Xcode 13.0";
			developmentRegion = en;
			hasScannedForEncodings = 0;
			knownRegions = (
				en,
				Base,
			);
			mainGroup = 8CCB005C27E9B2E300114E9B;
			productRefGroup = 8CCB006627E9B2E300114E9B /* Products */;
			projectDirPath = "";
			projectRoot = "";
			targets = (
				8CCB006427E9B2E300114E9B /* FintechBomb */,
				8CCB007A27E9B2E500114E9B /* FintechBombTests */,
				8CCB008427E9B2E500114E9B /* FintechBombUITests */,
			);
		};
/* End PBXProject section */

/* Begin PBXResourcesBuildPhase section */
		8CCB006327E9B2E300114E9B /* Resources */ = {
			isa = PBXResourcesBuildPhase;
			buildActionMask = 2147483647;
			files = (
				8C78E75B27E9BED5004BE52B /* Main.storyboard in Resources */,
				8C78E75E27E9BED5004BE52B /* Assets.xcassets in Resources */,
				8C78E75A27E9BED5004BE52B /* LaunchScreen.storyboard in Resources */,
			);
			runOnlyForDeploymentPostprocessing = 0;
		};
		8CCB007927E9B2E500114E9B /* Resources */ = {
			isa = PBXResourcesBuildPhase;
			buildActionMask = 2147483647;
			files = (
			);
			runOnlyForDeploymentPostprocessing = 0;
		};
		8CCB008327E9B2E500114E9B /* Resources */ = {
			isa = PBXResourcesBuildPhase;
			buildActionMask = 2147483647;
			files = (
			);
			runOnlyForDeploymentPostprocessing = 0;
		};
/* End PBXResourcesBuildPhase section */

/* Begin PBXShellScriptBuildPhase section */
		5C4EA911821F311B6AF6E8D9 /* [CP] Embed Pods Frameworks */ = {
			isa = PBXShellScriptBuildPhase;
			buildActionMask = 2147483647;
			files = (
			);
			inputFileListPaths = (
				"${PODS_ROOT}/Target Support Files/Pods-FintechBomb-FintechBombUITests/Pods-FintechBomb-FintechBombUITests-frameworks-${CONFIGURATION}-input-files.xcfilelist",
			);
			name = "[CP] Embed Pods Frameworks";
			outputFileListPaths = (
				"${PODS_ROOT}/Target Support Files/Pods-FintechBomb-FintechBombUITests/Pods-FintechBomb-FintechBombUITests-frameworks-${CONFIGURATION}-output-files.xcfilelist",
			);
			runOnlyForDeploymentPostprocessing = 0;
			shellPath = /bin/sh;
			shellScript = "\"${PODS_ROOT}/Target Support Files/Pods-FintechBomb-FintechBombUITests/Pods-FintechBomb-FintechBombUITests-frameworks.sh\"\n";
			showEnvVarsInLog = 0;
		};
		A9FEF716FD42BD4345DD86AD /* [CP] Embed Pods Frameworks */ = {
			isa = PBXShellScriptBuildPhase;
			buildActionMask = 2147483647;
			files = (
			);
			inputFileListPaths = (
				"${PODS_ROOT}/Target Support Files/Pods-FintechBombTests/Pods-FintechBombTests-frameworks-${CONFIGURATION}-input-files.xcfilelist",
			);
			name = "[CP] Embed Pods Frameworks";
			outputFileListPaths = (
				"${PODS_ROOT}/Target Support Files/Pods-FintechBombTests/Pods-FintechBombTests-frameworks-${CONFIGURATION}-output-files.xcfilelist",
			);
			runOnlyForDeploymentPostprocessing = 0;
			shellPath = /bin/sh;
			shellScript = "\"${PODS_ROOT}/Target Support Files/Pods-FintechBombTests/Pods-FintechBombTests-frameworks.sh\"\n";
			showEnvVarsInLog = 0;
		};
		B1E9686EC9DB0F28445A29AB /* [CP] Embed Pods Frameworks */ = {
			isa = PBXShellScriptBuildPhase;
			buildActionMask = 2147483647;
			files = (
			);
			inputFileListPaths = (
				"${PODS_ROOT}/Target Support Files/Pods-FintechBomb/Pods-FintechBomb-frameworks-${CONFIGURATION}-input-files.xcfilelist",
			);
			name = "[CP] Embed Pods Frameworks";
			outputFileListPaths = (
				"${PODS_ROOT}/Target Support Files/Pods-FintechBomb/Pods-FintechBomb-frameworks-${CONFIGURATION}-output-files.xcfilelist",
			);
			runOnlyForDeploymentPostprocessing = 0;
			shellPath = /bin/sh;
			shellScript = "\"${PODS_ROOT}/Target Support Files/Pods-FintechBomb/Pods-FintechBomb-frameworks.sh\"\n";
			showEnvVarsInLog = 0;
		};
		E419B09BC9C8FBEA985752AB /* [CP] Check Pods Manifest.lock */ = {
			isa = PBXShellScriptBuildPhase;
			buildActionMask = 2147483647;
			files = (
			);
			inputFileListPaths = (
			);
			inputPaths = (
				"${PODS_PODFILE_DIR_PATH}/Podfile.lock",
				"${PODS_ROOT}/Manifest.lock",
			);
			name = "[CP] Check Pods Manifest.lock";
			outputFileListPaths = (
			);
			outputPaths = (
				"$(DERIVED_FILE_DIR)/Pods-FintechBomb-checkManifestLockResult.txt",
			);
			runOnlyForDeploymentPostprocessing = 0;
			shellPath = /bin/sh;
			shellScript = "diff \"${PODS_PODFILE_DIR_PATH}/Podfile.lock\" \"${PODS_ROOT}/Manifest.lock\" > /dev/null\nif [ $? != 0 ] ; then\n    # print error to STDERR\n    echo \"error: The sandbox is not in sync with the Podfile.lock. Run 'pod install' or update your CocoaPods installation.\" >&2\n    exit 1\nfi\n# This output is used by Xcode 'outputs' to avoid re-running this script phase.\necho \"SUCCESS\" > \"${SCRIPT_OUTPUT_FILE_0}\"\n";
			showEnvVarsInLog = 0;
		};
		F1019402C60BA376FF5B41C2 /* [CP] Check Pods Manifest.lock */ = {
			isa = PBXShellScriptBuildPhase;
			buildActionMask = 2147483647;
			files = (
			);
			inputFileListPaths = (
			);
			inputPaths = (
				"${PODS_PODFILE_DIR_PATH}/Podfile.lock",
				"${PODS_ROOT}/Manifest.lock",
			);
			name = "[CP] Check Pods Manifest.lock";
			outputFileListPaths = (
			);
			outputPaths = (
				"$(DERIVED_FILE_DIR)/Pods-FintechBomb-FintechBombUITests-checkManifestLockResult.txt",
			);
			runOnlyForDeploymentPostprocessing = 0;
			shellPath = /bin/sh;
			shellScript = "diff \"${PODS_PODFILE_DIR_PATH}/Podfile.lock\" \"${PODS_ROOT}/Manifest.lock\" > /dev/null\nif [ $? != 0 ] ; then\n    # print error to STDERR\n    echo \"error: The sandbox is not in sync with the Podfile.lock. Run 'pod install' or update your CocoaPods installation.\" >&2\n    exit 1\nfi\n# This output is used by Xcode 'outputs' to avoid re-running this script phase.\necho \"SUCCESS\" > \"${SCRIPT_OUTPUT_FILE_0}\"\n";
			showEnvVarsInLog = 0;
		};
		F129875A0FB03D2F40E16A42 /* [CP] Check Pods Manifest.lock */ = {
			isa = PBXShellScriptBuildPhase;
			buildActionMask = 2147483647;
			files = (
			);
			inputFileListPaths = (
			);
			inputPaths = (
				"${PODS_PODFILE_DIR_PATH}/Podfile.lock",
				"${PODS_ROOT}/Manifest.lock",
			);
			name = "[CP] Check Pods Manifest.lock";
			outputFileListPaths = (
			);
			outputPaths = (
				"$(DERIVED_FILE_DIR)/Pods-FintechBombTests-checkManifestLockResult.txt",
			);
			runOnlyForDeploymentPostprocessing = 0;
			shellPath = /bin/sh;
			shellScript = "diff \"${PODS_PODFILE_DIR_PATH}/Podfile.lock\" \"${PODS_ROOT}/Manifest.lock\" > /dev/null\nif [ $? != 0 ] ; then\n    # print error to STDERR\n    echo \"error: The sandbox is not in sync with the Podfile.lock. Run 'pod install' or update your CocoaPods installation.\" >&2\n    exit 1\nfi\n# This output is used by Xcode 'outputs' to avoid re-running this script phase.\necho \"SUCCESS\" > \"${SCRIPT_OUTPUT_FILE_0}\"\n";
			showEnvVarsInLog = 0;
		};
/* End PBXShellScriptBuildPhase section */

/* Begin PBXSourcesBuildPhase section */
		8CCB006127E9B2E300114E9B /* Sources */ = {
			isa = PBXSourcesBuildPhase;
			buildActionMask = 2147483647;
			files = (
				8C78E74927E9BED5004BE52B /* BuildTargetToggle.swift in Sources */,
				8C78E75127E9BED5004BE52B /* TransitionType.swift in Sources */,
				8C78E74D27E9BED5004BE52B /* Configuration.swift in Sources */,
				8C78E75327E9BED5004BE52B /* AppRouting.swift in Sources */,
				8C78E74E27E9BED5004BE52B /* AppRouter.swift in Sources */,
				8C78E74A27E9BED5004BE52B /* DDToggleDataStoreType.swift in Sources */,
				8C78E75727E9BED5004BE52B /* DDPerson.m in Sources */,
				8C78E75827E9BED5004BE52B /* EEPerson.m in Sources */,
				8C78E75927E9BED5004BE52B /* DDTestViewController.m in Sources */,
				8C78E75C27E9BED5004BE52B /* ViewController.swift in Sources */,
				8C78E74F27E9BED5004BE52B /* Navigating.swift in Sources */,
				8C78E74B27E9BED5004BE52B /* DDLocalToggleDataStore.swift in Sources */,
				8C78E75D27E9BED5004BE52B /* AppDelegate.swift in Sources */,
				8C78E75627E9BED5004BE52B /* FFPerson.m in Sources */,
				8C78E75227E9BED5004BE52B /* UniversalLinks.swift in Sources */,
				8C78E74C27E9BED5004BE52B /* Functions.swift in Sources */,
				8C78E75027E9BED5004BE52B /* RoutingSource.swift in Sources */,
				8C78E75527E9BED5004BE52B /* SceneDelegate.swift in Sources */,
			);
			runOnlyForDeploymentPostprocessing = 0;
		};
		8CCB007727E9B2E500114E9B /* Sources */ = {
			isa = PBXSourcesBuildPhase;
			buildActionMask = 2147483647;
			files = (
				8CCB008027E9B2E500114E9B /* FintechBombTests.swift in Sources */,
			);
			runOnlyForDeploymentPostprocessing = 0;
		};
		8CCB008127E9B2E500114E9B /* Sources */ = {
			isa = PBXSourcesBuildPhase;
			buildActionMask = 2147483647;
			files = (
				8CCB008C27E9B2E500114E9B /* FintechBombUITestsLaunchTests.swift in Sources */,
				8CCB008A27E9B2E500114E9B /* FintechBombUITests.swift in Sources */,
			);
			runOnlyForDeploymentPostprocessing = 0;
		};
/* End PBXSourcesBuildPhase section */

/* Begin PBXTargetDependency section */
		8CCB007D27E9B2E500114E9B /* PBXTargetDependency */ = {
			isa = PBXTargetDependency;
			target = 8CCB006427E9B2E300114E9B /* FintechBomb */;
			targetProxy = 8CCB007C27E9B2E500114E9B /* PBXContainerItemProxy */;
		};
		8CCB008727E9B2E500114E9B /* PBXTargetDependency */ = {
			isa = PBXTargetDependency;
			target = 8CCB006427E9B2E300114E9B /* FintechBomb */;
			targetProxy = 8CCB008627E9B2E500114E9B /* PBXContainerItemProxy */;
		};
/* End PBXTargetDependency section */

/* Begin PBXVariantGroup section */
		8C78E74227E9BED5004BE52B /* LaunchScreen.storyboard */ = {
			isa = PBXVariantGroup;
			children = (
				8C78E74327E9BED5004BE52B /* Base */,
			);
			name = LaunchScreen.storyboard;
			sourceTree = "<group>";
		};
		8C78E74427E9BED5004BE52B /* Main.storyboard */ = {
			isa = PBXVariantGroup;
			children = (
				8C78E74527E9BED5004BE52B /* Base */,
			);
			name = Main.storyboard;
			sourceTree = "<group>";
		};
/* End PBXVariantGroup section */

/* Begin XCBuildConfiguration section */
		8CCB008D27E9B2E500114E9B /* Debug */ = {
			isa = XCBuildConfiguration;
			buildSettings = {
				ALWAYS_SEARCH_USER_PATHS = NO;
				CLANG_ANALYZER_NONNULL = YES;
				CLANG_ANALYZER_NUMBER_OBJECT_CONVERSION = YES_AGGRESSIVE;
				CLANG_CXX_LANGUAGE_STANDARD = "gnu++17";
				CLANG_ENABLE_MODULES = YES;
				CLANG_ENABLE_OBJC_ARC = YES;
				CLANG_ENABLE_OBJC_WEAK = YES;
				CLANG_WARN_BLOCK_CAPTURE_AUTORELEASING = YES;
				CLANG_WARN_BOOL_CONVERSION = YES;
				CLANG_WARN_COMMA = YES;
				CLANG_WARN_CONSTANT_CONVERSION = YES;
				CLANG_WARN_DEPRECATED_OBJC_IMPLEMENTATIONS = YES;
				CLANG_WARN_DIRECT_OBJC_ISA_USAGE = YES_ERROR;
				CLANG_WARN_DOCUMENTATION_COMMENTS = YES;
				CLANG_WARN_EMPTY_BODY = YES;
				CLANG_WARN_ENUM_CONVERSION = YES;
				CLANG_WARN_INFINITE_RECURSION = YES;
				CLANG_WARN_INT_CONVERSION = YES;
				CLANG_WARN_NON_LITERAL_NULL_CONVERSION = YES;
				CLANG_WARN_OBJC_IMPLICIT_RETAIN_SELF = YES;
				CLANG_WARN_OBJC_LITERAL_CONVERSION = YES;
				CLANG_WARN_OBJC_ROOT_CLASS = YES_ERROR;
				CLANG_WARN_QUOTED_INCLUDE_IN_FRAMEWORK_HEADER = YES;
				CLANG_WARN_RANGE_LOOP_ANALYSIS = YES;
				CLANG_WARN_STRICT_PROTOTYPES = YES;
				CLANG_WARN_SUSPICIOUS_MOVE = YES;
				CLANG_WARN_UNGUARDED_AVAILABILITY = YES_AGGRESSIVE;
				CLANG_WARN_UNREACHABLE_CODE = YES;
				CLANG_WARN__DUPLICATE_METHOD_MATCH = YES;
				COPY_PHASE_STRIP = NO;
				DEBUG_INFORMATION_FORMAT = dwarf;
				ENABLE_STRICT_OBJC_MSGSEND = YES;
				ENABLE_TESTABILITY = YES;
				GCC_C_LANGUAGE_STANDARD = gnu11;
				GCC_DYNAMIC_NO_PIC = NO;
				GCC_NO_COMMON_BLOCKS = YES;
				GCC_OPTIMIZATION_LEVEL = 0;
				GCC_PREPROCESSOR_DEFINITIONS = (
					"DEBUG=1",
					"$(inherited)",
				);
				GCC_WARN_64_TO_32_BIT_CONVERSION = YES;
				GCC_WARN_ABOUT_RETURN_TYPE = YES_ERROR;
				GCC_WARN_UNDECLARED_SELECTOR = YES;
				GCC_WARN_UNINITIALIZED_AUTOS = YES_AGGRESSIVE;
				GCC_WARN_UNUSED_FUNCTION = YES;
				GCC_WARN_UNUSED_VARIABLE = YES;
				IPHONEOS_DEPLOYMENT_TARGET = 15.4;
				MTL_ENABLE_DEBUG_INFO = INCLUDE_SOURCE;
				MTL_FAST_MATH = YES;
				ONLY_ACTIVE_ARCH = YES;
				SDKROOT = iphoneos;
				SWIFT_ACTIVE_COMPILATION_CONDITIONS = DEBUG;
				SWIFT_OPTIMIZATION_LEVEL = "-Onone";
			};
			name = Debug;
		};
		8CCB008E27E9B2E500114E9B /* Release */ = {
			isa = XCBuildConfiguration;
			buildSettings = {
				ALWAYS_SEARCH_USER_PATHS = NO;
				CLANG_ANALYZER_NONNULL = YES;
				CLANG_ANALYZER_NUMBER_OBJECT_CONVERSION = YES_AGGRESSIVE;
				CLANG_CXX_LANGUAGE_STANDARD = "gnu++17";
				CLANG_ENABLE_MODULES = YES;
				CLANG_ENABLE_OBJC_ARC = YES;
				CLANG_ENABLE_OBJC_WEAK = YES;
				CLANG_WARN_BLOCK_CAPTURE_AUTORELEASING = YES;
				CLANG_WARN_BOOL_CONVERSION = YES;
				CLANG_WARN_COMMA = YES;
				CLANG_WARN_CONSTANT_CONVERSION = YES;
				CLANG_WARN_DEPRECATED_OBJC_IMPLEMENTATIONS = YES;
				CLANG_WARN_DIRECT_OBJC_ISA_USAGE = YES_ERROR;
				CLANG_WARN_DOCUMENTATION_COMMENTS = YES;
				CLANG_WARN_EMPTY_BODY = YES;
				CLANG_WARN_ENUM_CONVERSION = YES;
				CLANG_WARN_INFINITE_RECURSION = YES;
				CLANG_WARN_INT_CONVERSION = YES;
				CLANG_WARN_NON_LITERAL_NULL_CONVERSION = YES;
				CLANG_WARN_OBJC_IMPLICIT_RETAIN_SELF = YES;
				CLANG_WARN_OBJC_LITERAL_CONVERSION = YES;
				CLANG_WARN_OBJC_ROOT_CLASS = YES_ERROR;
				CLANG_WARN_QUOTED_INCLUDE_IN_FRAMEWORK_HEADER = YES;
				CLANG_WARN_RANGE_LOOP_ANALYSIS = YES;
				CLANG_WARN_STRICT_PROTOTYPES = YES;
				CLANG_WARN_SUSPICIOUS_MOVE = YES;
				CLANG_WARN_UNGUARDED_AVAILABILITY = YES_AGGRESSIVE;
				CLANG_WARN_UNREACHABLE_CODE = YES;
				CLANG_WARN__DUPLICATE_METHOD_MATCH = YES;
				COPY_PHASE_STRIP = NO;
				DEBUG_INFORMATION_FORMAT = "dwarf-with-dsym";
				ENABLE_NS_ASSERTIONS = NO;
				ENABLE_STRICT_OBJC_MSGSEND = YES;
				GCC_C_LANGUAGE_STANDARD = gnu11;
				GCC_NO_COMMON_BLOCKS = YES;
				GCC_WARN_64_TO_32_BIT_CONVERSION = YES;
				GCC_WARN_ABOUT_RETURN_TYPE = YES_ERROR;
				GCC_WARN_UNDECLARED_SELECTOR = YES;
				GCC_WARN_UNINITIALIZED_AUTOS = YES_AGGRESSIVE;
				GCC_WARN_UNUSED_FUNCTION = YES;
				GCC_WARN_UNUSED_VARIABLE = YES;
				IPHONEOS_DEPLOYMENT_TARGET = 15.4;
				MTL_ENABLE_DEBUG_INFO = NO;
				MTL_FAST_MATH = YES;
				SDKROOT = iphoneos;
				SWIFT_COMPILATION_MODE = wholemodule;
				SWIFT_OPTIMIZATION_LEVEL = "-O";
				VALIDATE_PRODUCT = YES;
			};
			name = Release;
		};
		8CCB009027E9B2E500114E9B /* Debug */ = {
			isa = XCBuildConfiguration;
			baseConfigurationReference = D2AE9452AA9E115D99F7D748 /* Pods-FintechBomb.debug.xcconfig */;
			buildSettings = {
				ASSETCATALOG_COMPILER_APPICON_NAME = AppIcon;
				ASSETCATALOG_COMPILER_GLOBAL_ACCENT_COLOR_NAME = AccentColor;
				CLANG_ENABLE_MODULES = YES;
				CODE_SIGN_STYLE = Automatic;
				CURRENT_PROJECT_VERSION = 1;
				DEVELOPMENT_TEAM = H4VX6CT2V4;
				GENERATE_INFOPLIST_FILE = YES;
				INFOPLIST_FILE = FintechBomb/Info.plist;
				INFOPLIST_KEY_UIApplicationSupportsIndirectInputEvents = YES;
				INFOPLIST_KEY_UILaunchStoryboardName = LaunchScreen;
				INFOPLIST_KEY_UIMainStoryboardFile = Main;
				INFOPLIST_KEY_UISupportedInterfaceOrientations_iPad = "UIInterfaceOrientationPortrait UIInterfaceOrientationPortraitUpsideDown UIInterfaceOrientationLandscapeLeft UIInterfaceOrientationLandscapeRight";
				INFOPLIST_KEY_UISupportedInterfaceOrientations_iPhone = "UIInterfaceOrientationPortrait UIInterfaceOrientationLandscapeLeft UIInterfaceOrientationLandscapeRight";
				LD_RUNPATH_SEARCH_PATHS = (
					"$(inherited)",
					"@executable_path/Frameworks",
				);
				MARKETING_VERSION = 1.0;
				PRODUCT_BUNDLE_IDENTIFIER = com.fantaike.FintechBomb;
				PRODUCT_NAME = "$(TARGET_NAME)";
				SWIFT_EMIT_LOC_STRINGS = YES;
				SWIFT_OBJC_BRIDGING_HEADER = "FintechBomb/FintechBomb-Bridging-Header.h";
				SWIFT_OPTIMIZATION_LEVEL = "-Onone";
				SWIFT_VERSION = 5.0;
				TARGETED_DEVICE_FAMILY = "1,2";
			};
			name = Debug;
		};
		8CCB009127E9B2E500114E9B /* Release */ = {
			isa = XCBuildConfiguration;
			baseConfigurationReference = D8841ECDBE77F316A42F8982 /* Pods-FintechBomb.release.xcconfig */;
			buildSettings = {
				ASSETCATALOG_COMPILER_APPICON_NAME = AppIcon;
				ASSETCATALOG_COMPILER_GLOBAL_ACCENT_COLOR_NAME = AccentColor;
				CLANG_ENABLE_MODULES = YES;
				CODE_SIGN_STYLE = Automatic;
				CURRENT_PROJECT_VERSION = 1;
				DEVELOPMENT_TEAM = H4VX6CT2V4;
				GENERATE_INFOPLIST_FILE = YES;
				INFOPLIST_FILE = FintechBomb/Info.plist;
				INFOPLIST_KEY_UIApplicationSupportsIndirectInputEvents = YES;
				INFOPLIST_KEY_UILaunchStoryboardName = LaunchScreen;
				INFOPLIST_KEY_UIMainStoryboardFile = Main;
				INFOPLIST_KEY_UISupportedInterfaceOrientations_iPad = "UIInterfaceOrientationPortrait UIInterfaceOrientationPortraitUpsideDown UIInterfaceOrientationLandscapeLeft UIInterfaceOrientationLandscapeRight";
				INFOPLIST_KEY_UISupportedInterfaceOrientations_iPhone = "UIInterfaceOrientationPortrait UIInterfaceOrientationLandscapeLeft UIInterfaceOrientationLandscapeRight";
				LD_RUNPATH_SEARCH_PATHS = (
					"$(inherited)",
					"@executable_path/Frameworks",
				);
				MARKETING_VERSION = 1.0;
				PRODUCT_BUNDLE_IDENTIFIER = com.fantaike.FintechBomb;
				PRODUCT_NAME = "$(TARGET_NAME)";
				SWIFT_EMIT_LOC_STRINGS = YES;
				SWIFT_OBJC_BRIDGING_HEADER = "FintechBomb/FintechBomb-Bridging-Header.h";
				SWIFT_VERSION = 5.0;
				TARGETED_DEVICE_FAMILY = "1,2";
			};
			name = Release;
		};
		8CCB009327E9B2E500114E9B /* Debug */ = {
			isa = XCBuildConfiguration;
			baseConfigurationReference = C543DFD9AA7AC843F7CB8335 /* Pods-FintechBombTests.debug.xcconfig */;
			buildSettings = {
				ALWAYS_EMBED_SWIFT_STANDARD_LIBRARIES = YES;
				BUNDLE_LOADER = "$(TEST_HOST)";
				CODE_SIGN_STYLE = Automatic;
				CURRENT_PROJECT_VERSION = 1;
				DEVELOPMENT_TEAM = H4VX6CT2V4;
				GENERATE_INFOPLIST_FILE = YES;
				IPHONEOS_DEPLOYMENT_TARGET = 15.4;
				MARKETING_VERSION = 1.0;
				PRODUCT_BUNDLE_IDENTIFIER = com.fantaike.FintechBomb.FintechBombTests;
				PRODUCT_NAME = "$(TARGET_NAME)";
				SWIFT_EMIT_LOC_STRINGS = NO;
				SWIFT_VERSION = 5.0;
				TARGETED_DEVICE_FAMILY = "1,2";
				TEST_HOST = "$(BUILT_PRODUCTS_DIR)/FintechBomb.app/FintechBomb";
			};
			name = Debug;
		};
		8CCB009427E9B2E500114E9B /* Release */ = {
			isa = XCBuildConfiguration;
			baseConfigurationReference = 9B7E04D07AB3F3C4B74CD226 /* Pods-FintechBombTests.release.xcconfig */;
			buildSettings = {
				ALWAYS_EMBED_SWIFT_STANDARD_LIBRARIES = YES;
				BUNDLE_LOADER = "$(TEST_HOST)";
				CODE_SIGN_STYLE = Automatic;
				CURRENT_PROJECT_VERSION = 1;
				DEVELOPMENT_TEAM = H4VX6CT2V4;
				GENERATE_INFOPLIST_FILE = YES;
				IPHONEOS_DEPLOYMENT_TARGET = 15.4;
				MARKETING_VERSION = 1.0;
				PRODUCT_BUNDLE_IDENTIFIER = com.fantaike.FintechBomb.FintechBombTests;
				PRODUCT_NAME = "$(TARGET_NAME)";
				SWIFT_EMIT_LOC_STRINGS = NO;
				SWIFT_VERSION = 5.0;
				TARGETED_DEVICE_FAMILY = "1,2";
				TEST_HOST = "$(BUILT_PRODUCTS_DIR)/FintechBomb.app/FintechBomb";
			};
			name = Release;
		};
		8CCB009627E9B2E500114E9B /* Debug */ = {
			isa = XCBuildConfiguration;
			baseConfigurationReference = 2DFA0D4D43ABF802D207A8FE /* Pods-FintechBomb-FintechBombUITests.debug.xcconfig */;
			buildSettings = {
				ALWAYS_EMBED_SWIFT_STANDARD_LIBRARIES = YES;
				CODE_SIGN_STYLE = Automatic;
				CURRENT_PROJECT_VERSION = 1;
				DEVELOPMENT_TEAM = H4VX6CT2V4;
				GENERATE_INFOPLIST_FILE = YES;
				MARKETING_VERSION = 1.0;
				PRODUCT_BUNDLE_IDENTIFIER = com.fantaike.FintechBomb.FintechBombUITests;
				PRODUCT_NAME = "$(TARGET_NAME)";
				SWIFT_EMIT_LOC_STRINGS = NO;
				SWIFT_VERSION = 5.0;
				TARGETED_DEVICE_FAMILY = "1,2";
				TEST_TARGET_NAME = FintechBomb;
			};
			name = Debug;
		};
		8CCB009727E9B2E500114E9B /* Release */ = {
			isa = XCBuildConfiguration;
			baseConfigurationReference = FF49D60EB60E5B0C21B1FADE /* Pods-FintechBomb-FintechBombUITests.release.xcconfig */;
			buildSettings = {
				ALWAYS_EMBED_SWIFT_STANDARD_LIBRARIES = YES;
				CODE_SIGN_STYLE = Automatic;
				CURRENT_PROJECT_VERSION = 1;
				DEVELOPMENT_TEAM = H4VX6CT2V4;
				GENERATE_INFOPLIST_FILE = YES;
				MARKETING_VERSION = 1.0;
				PRODUCT_BUNDLE_IDENTIFIER = com.fantaike.FintechBomb.FintechBombUITests;
				PRODUCT_NAME = "$(TARGET_NAME)";
				SWIFT_EMIT_LOC_STRINGS = NO;
				SWIFT_VERSION = 5.0;
				TARGETED_DEVICE_FAMILY = "1,2";
				TEST_TARGET_NAME = FintechBomb;
			};
			name = Release;
		};
/* End XCBuildConfiguration section */

/* Begin XCConfigurationList section */
		8CCB006027E9B2E300114E9B /* Build configuration list for PBXProject "FintechBomb" */ = {
			isa = XCConfigurationList;
			buildConfigurations = (
				8CCB008D27E9B2E500114E9B /* Debug */,
				8CCB008E27E9B2E500114E9B /* Release */,
			);
			defaultConfigurationIsVisible = 0;
			defaultConfigurationName = Release;
		};
		8CCB008F27E9B2E500114E9B /* Build configuration list for PBXNativeTarget "FintechBomb" */ = {
			isa = XCConfigurationList;
			buildConfigurations = (
				8CCB009027E9B2E500114E9B /* Debug */,
				8CCB009127E9B2E500114E9B /* Release */,
			);
			defaultConfigurationIsVisible = 0;
			defaultConfigurationName = Release;
		};
		8CCB009227E9B2E500114E9B /* Build configuration list for PBXNativeTarget "FintechBombTests" */ = {
			isa = XCConfigurationList;
			buildConfigurations = (
				8CCB009327E9B2E500114E9B /* Debug */,
				8CCB009427E9B2E500114E9B /* Release */,
			);
			defaultConfigurationIsVisible = 0;
			defaultConfigurationName = Release;
		};
		8CCB009527E9B2E500114E9B /* Build configuration list for PBXNativeTarget "FintechBombUITests" */ = {
			isa = XCConfigurationList;
			buildConfigurations = (
				8CCB009627E9B2E500114E9B /* Debug */,
				8CCB009727E9B2E500114E9B /* Release */,
			);
			defaultConfigurationIsVisible = 0;
			defaultConfigurationName = Release;
		};
/* End XCConfigurationList section */
	};
	rootObject = 8CCB005D27E9B2E300114E9B /* Project object */;
}
